
Microsoft Visual Studio Solution File, Format Version 11.00
# Visual Studio 2010
Project("{FAE04EC0-301F-11D3-BF4B-00C04F79EFBC}") = "FileBackup", "FileBackup\FileBackup.csproj", "{EAC54C5F-7A33-454A-9D2B-E62AF73A6E25}"
EndProject
Global
	GlobalSection(SolutionConfigurationPlatforms) = preSolution
		Debug|x86 = Debug|x86
		Release|x86 = Release|x86
	EndGlobalSection
	GlobalSection(ProjectConfigurationPlatforms) = postSolution
		{EAC54C5F-7A33-454A-9D2B-E62AF73A6E25}.Debug|x86.ActiveCfg = Debug|x86
		{EAC54C5F-7A33-454A-9D2B-E62AF73A6E25}.Debug|x86.Build.0 = Debug|x86
		{EAC54C5F-7A33-454A-9D2B-E62AF73A6E25}.Release|x86.ActiveCfg = Release|x86
		{EAC54C5F-7A33-454A-9D2B-E62AF73A6E25}.Release|x86.Build.0 = Release|x86
	EndGlobalSection
	GlobalSection(SolutionProperties) = preSolution
		HideSolutionNode = FALSE
	EndGlobalSection
EndGlobal
